
Microsoft Visual Studio Solution File, Format Version 12.00
# Visual Studio Version 16
VisualStudioVersion = 16.0.32510.428
MinimumVisualStudioVersion = 10.0.40219.1
Project("{8BC9CEB8-8B4A-11D0-8D11-00A0C91BC942}") = "Project1", "Project1\Project1.vcxproj", "{FCD37184-8F52-4668-85E7-5BD010DF9250}"
EndProject
Global
	GlobalSection(SolutionConfigurationPlatforms) = preSolution
		Debug|x64 = Debug|x64
		Debug|x86 = Debug|x86
		Release|x64 = Release|x64
		Release|x86 = Release|x86
	EndGlobalSection
	GlobalSection(ProjectConfigurationPlatforms) = postSolution
		{FCD37184-8F52-4668-85E7-5BD010DF9250}.Debug|x64.ActiveCfg = Debug|x64
		{FCD37184-8F52-4668-85E7-5BD010DF9250}.Debug|x64.Build.0 = Debug|x64
		{FCD37184-8F52-4668-85E7-5BD010DF9250}.Debug|x86.ActiveCfg = Debug|Win32
		{FCD37184-8F52-4668-85E7-5BD010DF9250}.Debug|x86.Build.0 = Debug|Win32
		{FCD37184-8F52-4668-85E7-5BD010DF9250}.Release|x64.ActiveCfg = Release|x64
		{FCD37184-8F52-4668-85E7-5BD010DF9250}.Release|x64.Build.0 = Release|x64
		{FCD37184-8F52-4668-85E7-5BD010DF9250}.Release|x86.ActiveCfg = Release|Win32
		{FCD37184-8F52-4668-85E7-5BD010DF9250}.Release|x86.Build.0 = Release|Win32
	EndGlobalSection
	GlobalSection(SolutionProperties) = preSolution
		HideSolutionNode = FALSE
	EndGlobalSection
	GlobalSection(ExtensibilityGlobals) = postSolution
		SolutionGuid = {15EBEE43-9963-4A6C-9C64-F8D83AFB5BEC}
	EndGlobalSection
EndGlobal
